
Microsoft Visual Studio Solution File, Format Version 12.00
# Visual Studio 14
VisualStudioVersion = 14.0.25420.1
MinimumVisualStudioVersion = 10.0.40219.1
Project("{FAE04EC0-301F-11D3-BF4B-00C04F79EFBC}") = "NativeMethods", "NativeMethods\NativeMethods.csproj", "{556F1A03-8752-4C41-BB29-E7FA7FF68CD9}"
EndProject
Project("{2150E333-8FDC-42A3-9474-1A3956D46DE8}") = ".nuget", ".nuget", "{163E33F3-DA45-43AB-8BC2-B9300B0D5F53}"
	ProjectSection(SolutionItems) = preProject
		.nuget\NuGet.Config = .nuget\NuGet.Config
		.nuget\NuGet.exe = .nuget\NuGet.exe
	EndProjectSection
EndProject
Project("{FAE04EC0-301F-11D3-BF4B-00C04F79EFBC}") = "hap", "hap\hap.csproj", "{D9A0620D-D51F-4FCF-821E-AADD36230830}"
EndProject
Project("{2150E333-8FDC-42A3-9474-1A3956D46DE8}") = "Solution Items", "Solution Items", "{4B16D99B-964E-4AFC-9C6C-0940973E5FBD}"
	ProjectSection(SolutionItems) = preProject
		build.fsx = build.fsx
	EndProjectSection
EndProject
Global
	GlobalSection(SolutionConfigurationPlatforms) = preSolution
		Debug|Any CPU = Debug|Any CPU
		Release|Any CPU = Release|Any CPU
	EndGlobalSection
	GlobalSection(ProjectConfigurationPlatforms) = postSolution
		{556F1A03-8752-4C41-BB29-E7FA7FF68CD9}.Debug|Any CPU.ActiveCfg = Debug|Any CPU
		{556F1A03-8752-4C41-BB29-E7FA7FF68CD9}.Debug|Any CPU.Build.0 = Debug|Any CPU
		{556F1A03-8752-4C41-BB29-E7FA7FF68CD9}.Release|Any CPU.ActiveCfg = Release|Any CPU
		{556F1A03-8752-4C41-BB29-E7FA7FF68CD9}.Release|Any CPU.Build.0 = Release|Any CPU
		{D9A0620D-D51F-4FCF-821E-AADD36230830}.Debug|Any CPU.ActiveCfg = Debug|Any CPU
		{D9A0620D-D51F-4FCF-821E-AADD36230830}.Debug|Any CPU.Build.0 = Debug|Any CPU
		{D9A0620D-D51F-4FCF-821E-AADD36230830}.Release|Any CPU.ActiveCfg = Release|Any CPU
		{D9A0620D-D51F-4FCF-821E-AADD36230830}.Release|Any CPU.Build.0 = Release|Any CPU
	EndGlobalSection
	GlobalSection(SolutionProperties) = preSolution
		HideSolutionNode = FALSE
	EndGlobalSection
EndGlobal
